
Microsoft Visual Studio Solution File, Format Version 12.00
# Visual Studio Version 17
VisualStudioVersion = 17.4.33213.308
MinimumVisualStudioVersion = 10.0.40219.1
Project("{FAE04EC0-301F-11D3-BF4B-00C04F79EFBC}") = "Takvim-Uygulaması", "Takvim-Uygulaması\Takvim-Uygulaması.csproj", "{C48DBB29-A82D-47EC-AE5F-A27E1F67E6FE}"
EndProject
Global
	GlobalSection(SolutionConfigurationPlatforms) = preSolution
		Debug|Any CPU = Debug|Any CPU
		Release|Any CPU = Release|Any CPU
	EndGlobalSection
	GlobalSection(ProjectConfigurationPlatforms) = postSolution
		{C48DBB29-A82D-47EC-AE5F-A27E1F67E6FE}.Debug|Any CPU.ActiveCfg = Debug|Any CPU
		{C48DBB29-A82D-47EC-AE5F-A27E1F67E6FE}.Debug|Any CPU.Build.0 = Debug|Any CPU
		{C48DBB29-A82D-47EC-AE5F-A27E1F67E6FE}.Release|Any CPU.ActiveCfg = Release|Any CPU
		{C48DBB29-A82D-47EC-AE5F-A27E1F67E6FE}.Release|Any CPU.Build.0 = Release|Any CPU
	EndGlobalSection
	GlobalSection(SolutionProperties) = preSolution
		HideSolutionNode = FALSE
	EndGlobalSection
	GlobalSection(ExtensibilityGlobals) = postSolution
		SolutionGuid = {F2398987-0DAF-42D1-A5D2-0570F02D59F2}
	EndGlobalSection
EndGlobal
